PODS:
  - Alamofire (4.6.0)
  - CYLTabBarController (1.17.6)
  - Differentiator (3.0.2)
  - Kingfisher (4.6.1)
  - Moya/Core (10.0.1):
    - Alamofire (~> 4.1)
    - Result (~> 3.0)
  - Moya/RxSwift (10.0.1):
    - Moya/Core
    - RxSwift (~> 4.0)
  - NSObject+Rx (4.2.0):
    - RxSwift (~> 4.0)
  - ObjectMapper (3.1.0)
  - Result (3.2.4)
  - Reusable (4.0.0):
    - Reusable/Storyboard (= 4.0.0)
    - Reusable/View (= 4.0.0)
  - Reusable/Storyboard (4.0.0)
  - Reusable/View (4.0.0)
  - RxCocoa (4.1.1):
    - RxSwift (~> 4.0)
  - RxDataSources (3.0.2):
    - Differentiator (~> 3.0)
    - RxCocoa (~> 4.0)
    - RxSwift (~> 4.0)
  - RxSwift (4.1.1)
  - SnapKit (4.0.0)
  - SVProgressHUD (2.2.2)
  - Then (2.3.0)
  - Validator (3.0)

DEPENDENCIES:
  - CYLTabBarController (~> 1.17.6)
  - Kingfisher (~> 4.6.1)
  - Moya/RxSwift
  - NSObject+Rx (~> 4.2.0)
  - ObjectMapper (~> 3.1.0)
  - Reusable (~> 4.0.0)
  - RxCocoa (~> 4.1.1)
  - RxDataSources (~> 3.0.2)
  - RxSwift (~> 4.1.1)
  - SnapKit (~> 4.0.0)
  - SVProgressHUD (~> 2.2.2)
  - Then (~> 2.3.0)
  - Validator

SPEC CHECKSUMS:
  Alamofire: f41a599bd63041760b26d393ec1069d9d7b917f4
  CYLTabBarController: c374643dea6dadece8bdff9c70f7387f8ffd7d08
  Differentiator: a87be69eba49ec4ab460c7671143ee3a9eececfd
  Kingfisher: 1f9157d9c02b380cbd0b7cc890161195164eb634
  Moya: 9e621707ff754eeb51ff3ec51a3d54e517c0733a
  NSObject+Rx: cbbc05e3cb3ad446cdbced3e00e39c9efaf02925
  ObjectMapper: 20505058f54e5c3ca69e1d6de9897d152a5369a6
  Result: d2d07204ce72856f1fd9130bbe42c35a7b0fea10
  Reusable: 98e5fff1e0e2e00872199699b276dde08ee56c07
  RxCocoa: fd0862fd2df95fa55562ad28ffd2522c25eb4a85
  RxDataSources: cb7c31e652a87ebb919da45f716bbb87b3765f6b
  RxSwift: c6e3b1c7b325c7d121cd4327e9d98b7ed746b570
  SnapKit: a42d492c16e80209130a3379f73596c3454b7694
  SVProgressHUD: 59b2d3dabacbd051576d21d32293ca7228dc18b0
  Then: ee21c97b85ff6062b9b0080c9abb1eea46743345
  Validator: 7d9828daffabc757604603052e407f208fa9b6d5

PODFILE CHECKSUM: 19e4dafd593a5910239d541f5ea62d8143423b7a

COCOAPODS: 1.2.1
